{
    "_meta": {
        "hash": {
            "sha256": "59a7465aeadc03b6617c4235a0c084fabd0c3fdc65f2b34b95ea49a6fdfee44c"
        },
        "pipfile-spec": 6,
        "requires": {
            "python_version": "3"
        },
        "sources": [
            {
                "name": "pypi",
                "url": "https://pypi.org/simple",
                "verify_ssl": true
            }
        ]
    },
    "default": {},
    "develop": {
        "astroid": {
            "hashes": [
                "sha256:52f39653876c7dec3e3afd4c2696920e05c83832b9737afc21928f2d2eb7a753",
                "sha256:986fed8bcf79fb82c78b18a53352a0b287a73817d6dbcfba3162da36667c49a0"
            ],
            "markers": "python_full_version >= '3.10.0'",
            "version": "==4.0.4"
        },
        "black": {
            "hashes": [
                "sha256:101540cb2a77c680f4f80e628ae98bd2bd8812fb9d72ade4f8995c5ff019e82c",
                "sha256:1054e8e47ebd686e078c0bb0eaf31e6ce69c966058d122f2c0c950311f9f3ede",
                "sha256:1de0f7d01cc894066a1153b738145b194414cc6eeaad8ef4397ac9abacf40f6b",
                "sha256:2b807c240b64609cb0e80d2200a35b23c7df82259f80bef1b2c96eb422b4aac9",
                "sha256:3cee1487a9e4c640dc7467aaa543d6c0097c391dc8ac74eb313f2fbf9d7a7cb5",
                "sha256:53c62883b3f999f14e5d30b5a79bd437236658ad45b2f853906c7cbe79de00af",
                "sha256:5e8e75dabb6eb83d064b0db46392b25cabb6e784ea624219736e8985a6b3675d",
                "sha256:643d27fb5facc167c0b1b59d0315f2674a6e950341aed0fc05cf307d22bf4954",
                "sha256:66912475200b67ef5a0ab665011964bf924745103f51977a78b4fb92a9fc1bf0",
                "sha256:6eeca41e70b5f5c84f2f913af857cf2ce17410847e1d54642e658e078da6544f",
                "sha256:6f3977a16e347f1b115662be07daa93137259c711e526402aa444d7a88fdc9d4",
                "sha256:7ed300200918147c963c87700ccf9966dceaefbbb7277450a8d646fc5646bf24",
                "sha256:91a68ae46bf07868963671e4d05611b179c2313301bd756a89ad4e3b3db2325b",
                "sha256:9459ad0d6cd483eacad4c6566b0f8e42af5e8b583cee917d90ffaa3778420a0a",
                "sha256:9dc8c71656a79ca49b8d3e2ce8103210c9481c57798b48deeb3a8bb02db5f115",
                "sha256:a19915ec61f3a8746e8b10adbac4a577c6ba9851fa4a9e9fbfbcf319887a5791",
                "sha256:b22b3810451abe359a964cc88121d57f7bce482b53a066de0f1584988ca36e79",
                "sha256:ba1d768fbfb6930fc93b0ecc32a43d8861ded16f47a40f14afa9bb04ab93d304",
                "sha256:be5e2fe860b9bd9edbf676d5b60a9282994c03fbbd40fe8f5e75d194f96064ca",
                "sha256:c5b7713daea9bf943f79f8c3b46f361cc5229e0e604dcef6a8bb6d1c37d9df89",
                "sha256:ca699710dece84e3ebf6e92ee15f5b8f72870ef984bf944a57a777a48357c168",
                "sha256:d294ac3340eef9c9eb5d29288e96dc719ff269a88e27b396340459dd85da4c58",
                "sha256:d62d14ca31c92adf561ebb2e5f2741bf8dea28aef6deb400d49cca011d186c68",
                "sha256:dd39eef053e58e60204f2cdf059e2442e2eb08f15989eefe259870f89614c8b6",
                "sha256:eb07665d9a907a1a645ee41a0df8a25ffac8ad9c26cdb557b7b88eeeeec934e0",
                "sha256:f016baaadc423dc960cdddf9acae679e71ee02c4c341f78f3179d7e4819c095f",
                "sha256:fb1dafbbaa3b1ee8b4550a84425aac8874e5f390200f5502cf3aee4a2acb2f14"
            ],
            "index": "pypi",
            "markers": "python_version >= '3.10'",
            "version": "==26.1.0"
        },
        "click": {
            "hashes": [
                "sha256:12ff4785d337a1bb490bb7e9c2b1ee5da3112e94a8622f26a6c77f5d2fc6842a",
                "sha256:981153a64e25f12d547d3426c367a4857371575ee7ad18df2a6183ab0545b2a6"
            ],
            "markers": "python_version >= '3.10'",
            "version": "==8.3.1"
        },
        "coverage": {
            "extras": [
                "toml"
            ],
            "hashes": [
                "sha256:01d4cbc3c283a17fc1e42d614a119f7f438eabb593391283adca8dc86eff1246",
                "sha256:02231499b08dabbe2b96612993e5fc34217cdae907a51b906ac7fca8027a4459",
                "sha256:0dd7ab8278f0d58a0128ba2fca25824321f05d059c1441800e934ff2efa52129",
                "sha256:0e086334e8537ddd17e5f16a344777c1ab8194986ec533711cbe6c41cde841b6",
                "sha256:0fc31c787a84f8cd6027eba44010517020e0d18487064cd3d8968941856d1415",
                "sha256:14375934243ee05f56c45393fe2ce81fe5cc503c07cee2bdf1725fb8bef3ffaf",
                "sha256:1731dc33dc276dafc410a885cbf5992f1ff171393e48a21453b78727d090de80",
                "sha256:19bc3c88078789f8ef36acb014d7241961dbf883fd2533d18cb1e7a5b4e28b11",
                "sha256:1af1641e57cf7ba1bd67d677c9abdbcd6cc2ab7da3bca7fa1e2b7e50e65f2ad0",
                "sha256:1d4be36a5114c499f9f1f9195e95ebf979460dbe2d88e6816ea202010ba1c34b",
                "sha256:200dea7d1e8095cc6e98cdabe3fd1d21ab17d3cee6dab00cadbb2fe35d9c15b9",
                "sha256:23e3f687cf945070d1c90f85db66d11e3025665d8dafa831301a0e0038f3db9b",
                "sha256:2421d591f8ca05b308cf0092807308b2facbefe54af7c02ac22548b88b95c98f",
                "sha256:245e37f664d89861cf2329c9afa2c1fe9e6d4e1a09d872c947e70718aeeac505",
                "sha256:25381386e80ae727608e662474db537d4df1ecd42379b5ba33c84633a2b36d47",
                "sha256:25a41c3104d08edb094d9db0d905ca54d0cd41c928bb6be3c4c799a54753af55",
                "sha256:296f8b0af861d3970c2a4d8c91d48eb4dd4771bcef9baedec6a9b515d7de3def",
                "sha256:29e3220258d682b6226a9b0925bc563ed9a1ebcff3cad30f043eceea7eaf2689",
                "sha256:2a09cfa6a5862bc2fc6ca7c3def5b2926194a56b8ab78ffcf617d28911123012",
                "sha256:2b0f6ccf3dbe577170bebfce1318707d0e8c3650003cb4b3a9dd744575daa8b5",
                "sha256:2c048ea43875fbf8b45d476ad79f179809c590ec7b79e2035c662e7afa3192e3",
                "sha256:2cb0f1e000ebc419632bbe04366a8990b6e32c4e0b51543a6484ffe15eaeda95",
                "sha256:2fa8d5f8de70688a28240de9e139fa16b153cc3cbb01c5f16d88d6505ebdadf9",
                "sha256:300deaee342f90696ed186e3a00c71b5b3d27bffe9e827677954f4ee56969601",
                "sha256:30b8d0512f2dc8c8747557e8fb459d6176a2c9e5731e2b74d311c03b78451997",
                "sha256:33901f604424145c6e9c2398684b92e176c0b12df77d52db81c20abd48c3794c",
                "sha256:3599eb3992d814d23b35c536c28df1a882caa950f8f507cef23d1cbf334995ac",
                "sha256:391ee8f19bef69210978363ca930f7328081c6a0152f1166c91f0b5fdd2a773c",
                "sha256:3998e5a32e62fdf410c0dbd3115df86297995d6e3429af80b8798aad894ca7aa",
                "sha256:3c06f0f1337c667b971ca2f975523347e63ec5e500b9aa5882d91931cd3ef750",
                "sha256:40aa8808140e55dc022b15d8aa7f651b6b3d68b365ea0398f1441e0b04d859c3",
                "sha256:40d74da8e6c4b9ac18b15331c4b5ebc35a17069410cad462ad4f40dcd2d50c0d",
                "sha256:4223b4230a376138939a9173f1bdd6521994f2aff8047fae100d6d94d50c5a12",
                "sha256:48685fee12c2eb3b27c62f2658e7ea21e9c3239cba5a8a242801a0a3f6a8c62a",
                "sha256:4c7d3cc01e7350f2f0f6f7036caaf5673fb56b6998889ccfe9e1c1fe75a9c932",
                "sha256:4e83efc079eb39480e6346a15a1bcb3e9b04759c5202d157e1dd4303cd619356",
                "sha256:4fc7fa81bbaf5a02801b65346c8b3e657f1d93763e58c0abdf7c992addd81a92",
                "sha256:53d133df809c743eb8bce33b24bcababb371f4441340578cd406e084d94a6148",
                "sha256:590c0ed4bf8e85f745e6b805b2e1c457b2e33d5255dd9729743165253bc9ad39",
                "sha256:5b856a8ccf749480024ff3bd7310adaef57bf31fd17e1bfc404b7940b6986634",
                "sha256:65dfcbe305c3dfe658492df2d85259e0d79ead4177f9ae724b6fb245198f55d6",
                "sha256:6f01afcff62bf9a08fb32b2c1d6e924236c0383c02c790732b6537269e466a72",
                "sha256:6fdef321fdfbb30a197efa02d48fcd9981f0d8ad2ae8903ac318adc653f5df98",
                "sha256:71ca20079dd8f27fcf808817e281e90220475cd75115162218d0e27549f95fef",
                "sha256:725d985c5ab621268b2edb8e50dfe57633dc69bda071abc470fed55a14935fd3",
                "sha256:75eab1ebe4f2f64d9509b984f9314d4aa788540368218b858dad56dc8f3e5eb9",
                "sha256:75fcd519f2a5765db3f0e391eb3b7d150cce1a771bf4c9f861aeab86c767a3c0",
                "sha256:76451d1978b95ba6507a039090ba076105c87cc76fc3efd5d35d72093964d49a",
                "sha256:784fc3cf8be001197b652d51d3fd259b1e2262888693a4636e18879f613a62a9",
                "sha256:78cdf0d578b15148b009ccf18c686aa4f719d887e76e6b40c38ffb61d264a552",
                "sha256:79be69cf7f3bf9b0deeeb062eab7ac7f36cd4cc4c4dd694bd28921ba4d8596cc",
                "sha256:79e73a76b854d9c6088fe5d8b2ebe745f8681c55f7397c3c0a016192d681045f",
                "sha256:7b322db1284a2ed3aa28ffd8ebe3db91c929b7a333c0820abec3d838ef5b3525",
                "sha256:7d41eead3cc673cbd38a4417deb7fd0b4ca26954ff7dc6078e33f6ff97bed940",
                "sha256:7eda778067ad7ffccd23ecffce537dface96212576a07924cbf0d8799d2ded5a",
                "sha256:7f57b33491e281e962021de110b451ab8a24182589be17e12a22c79047935e23",
                "sha256:8041b6c5bfdc03257666e9881d33b1abc88daccaf73f7b6340fb7946655cd10f",
                "sha256:8248977c2e33aecb2ced42fef99f2d319e9904a36e55a8a68b69207fb7e43edc",
                "sha256:845f352911777a8e722bfce168958214951e07e47e5d5d9744109fa5fe77f79b",
                "sha256:85480adfb35ffc32d40918aad81b89c69c9cc5661a9b8a81476d3e645321a056",
                "sha256:8e264226ec98e01a8e1054314af91ee6cde0eacac4f465cc93b03dbe0bce2fd7",
                "sha256:8e798c266c378da2bd819b0677df41ab46d78065fb2a399558f3f6cae78b2fbb",
                "sha256:9181a3ccead280b828fae232df12b16652702b49d41e99d657f46cc7b1f6ec7a",
                "sha256:9351229c8c8407645840edcc277f4a2d44814d1bc34a2128c11c2a031d45a5dd",
                "sha256:93550784d9281e374fb5a12bf1324cc8a963fd63b2d2f223503ef0fd4aa339ea",
                "sha256:9401ebc7ef522f01d01d45532c68c5ac40fb27113019b6b7d8b208f6e9baa126",
                "sha256:94eb63f9b363180aff17de3e7c8760c3ba94664ea2695c52f10111244d16a299",
                "sha256:9d107aff57a83222ddbd8d9ee705ede2af2cc926608b57abed8ef96b50b7e8f9",
                "sha256:a32ebc02a1805adf637fc8dec324b5cdacd2e493515424f70ee33799573d661b",
                "sha256:a3aa4e7b9e416774b21797365b358a6e827ffadaaca81b69ee02946852449f00",
                "sha256:a6f94a7d00eb18f1b6d403c91a88fd58cfc92d4b16080dfdb774afc8294469bf",
                "sha256:aa3feb8db2e87ff5e6d00d7e1480ae241876286691265657b500886c98f38bda",
                "sha256:ad27098a189e5838900ce4c2a99f2fe42a0bf0c2093c17c69b45a71579e8d4a2",
                "sha256:ae4578f8528569d3cf303fef2ea569c7f4c4059a38c8667ccef15c6e1f118aa5",
                "sha256:b1ec7b6b6e93255f952e27ab58fbc68dcc468844b16ecbee881aeb29b6ab4d8d",
                "sha256:b507778ae8a4c915436ed5c2e05b4a6cecfa70f734e19c22a005152a11c7b6a9",
                "sha256:b66a2da594b6068b48b2692f043f35d4d3693fb639d5ea8b39533c2ad9ac3ab9",
                "sha256:b720ce6a88a2755f7c697c23268ddc47a571b88052e6b155224347389fdf6a3b",
                "sha256:b7b38448866e83176e28086674fe7368ab8590e4610fb662b44e345b86d63ffa",
                "sha256:b8eb931ee8e6d8243e253e5ed7336deea6904369d2fd8ae6e43f68abbf167092",
                "sha256:bb28c0f2cf2782508a40cec377935829d5fcc3ad9a3681375af4e84eb34b6b58",
                "sha256:bd60d4fe2f6fa7dff9223ca1bbc9f05d2b6697bc5961072e5d3b952d46e1b1ea",
                "sha256:c35eb28c1d085eb7d8c9b3296567a1bebe03ce72962e932431b9a61f28facf26",
                "sha256:c4240e7eded42d131a2d2c4dec70374b781b043ddc79a9de4d55ca71f8e98aea",
                "sha256:caa421e2684e382c5d8973ac55e4f36bed6821a9bad5c953494de960c74595c9",
                "sha256:d490ba50c3f35dd7c17953c68f3270e7ccd1c6642e2d2afe2d8e720b98f5a053",
                "sha256:d65b2d373032411e86960604dc4edac91fdfb5dca539461cf2cbe78327d1e64f",
                "sha256:dae88bc0fc77edaa65c14be099bd57ee140cf507e6bfdeea7938457ab387efb0",
                "sha256:de6defc1c9badbf8b9e67ae90fd00519186d6ab64e5cc5f3d21359c2a9b2c1d3",
                "sha256:e101609bcbbfb04605ea1027b10dc3735c094d12d40826a60f897b98b1c30256",
                "sha256:e24f9156097ff9dc286f2f913df3a7f63c0e333dcafa3c196f2c18b4175ca09a",
                "sha256:e2f25215f1a359ab17320b47bcdaca3e6e6356652e8256f2441e4ef972052903",
                "sha256:e5c8f6ed1e61a8b2dcdf31eb0b9bbf0130750ca79c1c49eb898e2ad86f5ccc91",
                "sha256:e6f70dec1cc557e52df5306d051ef56003f74d56e9c4dd7ddb07e07ef32a84dd",
                "sha256:e856bf6616714c3a9fbc270ab54103f4e685ba236fa98c054e8f87f266c93505",
                "sha256:e87f6c587c3f34356c3759f0420693e35e7eb0e2e41e4c011cb6ec6ecbbf1db7",
                "sha256:eb30bf180de3f632cd043322dad5751390e5385108b2807368997d1a92a509d0",
                "sha256:eb88b316ec33760714a4720feb2816a3a59180fd58c1985012054fa7aebee4c2",
                "sha256:eb9078108fbf0bcdde37c3f4779303673c2fa1fe8f7956e68d447d0dd426d38a",
                "sha256:ecae9737b72408d6a950f7e525f30aca12d4bd8dd95e37342e5beb3a2a8c4f71",
                "sha256:ee756f00726693e5ba94d6df2bdfd64d4852d23b09bb0bc700e3b30e6f333985",
                "sha256:f4594c67d8a7c89cf922d9df0438c7c7bb022ad506eddb0fdb2863359ff78242",
                "sha256:f53d492307962561ac7de4cd1de3e363589b000ab69617c6156a16ba7237998d",
                "sha256:fb07dc5da7e849e2ad31a5d74e9bece81f30ecf5a42909d0a695f8bd1874d6af",
                "sha256:fb26a934946a6afe0e326aebe0730cdff393a8bc0bbb65a2f41e30feddca399c",
                "sha256:fdfc1e28e7c7cdce44985b3043bc13bbd9c747520f94a4d7164af8260b3d91f0"
            ],
            "index": "pypi",
            "markers": "python_version >= '3.10'",
            "version": "==7.13.4"
        },
        "dill": {
            "hashes": [
                "sha256:1e1ce33e978ae97fcfcff5638477032b801c46c7c65cf717f95fbc2248f79a9d",
                "sha256:423092df4182177d4d8ba8290c8a5b640c66ab35ec7da59ccfa00f6fa3eea5fa"
            ],
            "markers": "python_version >= '3.9'",
            "version": "==0.4.1"
        },
        "flake8": {
            "hashes": [
                "sha256:b9696257b9ce8beb888cdbe31cf885c90d31928fe202be0889a7cdafad32f01e",
                "sha256:fe044858146b9fc69b551a4b490d69cf960fcb78ad1edcb84e7fbb1b4a8e3872"
            ],
            "index": "pypi",
            "markers": "python_version >= '3.9'",
            "version": "==7.3.0"
        },
        "iniconfig": {
            "hashes": [
                "sha256:c76315c77db068650d49c5b56314774a7804df16fee4402c1f19d6d15d8c4730",
                "sha256:f631c04d2c48c52b84d0d0549c99ff3859c98df65b3101406327ecc7d53fbf12"
            ],
            "markers": "python_version >= '3.10'",
            "version": "==2.3.0"
        },
        "isort": {
            "hashes": [
                "sha256:1bcabac8bc3c36c7fb7b98a76c8abb18e0f841a3ba81decac7691008592499c1",
                "sha256:5513527951aadb3ac4292a41a16cbc50dd1642432f5e8c20057d414bdafb4187"
            ],
            "markers": "python_full_version >= '3.10.0'",
            "version": "==7.0.0"
        },
        "librt": {
            "hashes": [
                "sha256:00105e7d541a8f2ee5be52caacea98a005e0478cfe78c8080fbb7b5d2b340c63",
                "sha256:0241a6ed65e6666236ea78203a73d800dbed896cf12ae25d026d75dc1fcd1dac",
                "sha256:03679b9856932b8c8f674e87aa3c55ea11c9274301f76ae8dc4d281bda55cf62",
                "sha256:047164e5f68b7a8ebdf9fae91a3c2161d3192418aadd61ddd3a86a56cbe3dc85",
                "sha256:171ca3a0a06c643bd0a2f62a8944e1902c94aa8e5da4db1ea9a8daf872685365",
                "sha256:1a4ede613941d9c3470b0368be851df6bb78ab218635512d0370b27a277a0862",
                "sha256:20e3946863d872f7cabf7f77c6c9d370b8b3d74333d3a32471c50d3a86c0a232",
                "sha256:2991b6c3775383752b3ca0204842743256f3ad3deeb1d0adc227d56b78a9a850",
                "sha256:31724b93baa91512bd0a376e7cf0b59d8b631ee17923b1218a65456fa9bda2e7",
                "sha256:3469e1af9f1380e093ae06bedcbdd11e407ac0b303a56bbe9afb1d6824d4982d",
                "sha256:389bd25a0db916e1d6bcb014f11aa9676cedaa485e9ec3752dfe19f196fd377b",
                "sha256:3968762fec1b2ad34ce57458b6de25dbb4142713e9ca6279a0d352fa4e9f452b",
                "sha256:39a4c76fee41007070f872b648cc2f711f9abf9a13d0c7162478043377b52c8e",
                "sha256:3d1322800771bee4a91f3b4bd4e49abc7d35e65166821086e5afd1e6c0d9be44",
                "sha256:41d7bb1e07916aeb12ae4a44e3025db3691c4149ab788d0315781b4d29b86afb",
                "sha256:43d4e71b50763fcdcf64725ac680d8cfa1706c928b844794a7aa0fa9ac8e5f09",
                "sha256:445b7304145e24c60288a2f172b5ce2ca35c0f81605f5299f3fa567e189d2e32",
                "sha256:44e0c2cbc9bebd074cf2cdbe472ca185e824be4e74b1c63a8e934cea674bebf2",
                "sha256:451e7ffcef8f785831fdb791bd69211f47e95dc4c6ddff68e589058806f044c6",
                "sha256:46ef1f4b9b6cc364b11eea0ecc0897314447a66029ee1e55859acb3dd8757c93",
                "sha256:4864045f49dc9c974dadb942ac56a74cd0479a2aafa51ce272c490a82322ea3c",
                "sha256:4adc73614f0d3c97874f02f2c7fd2a27854e7e24ad532ea6b965459c5b757eca",
                "sha256:4c3995abbbb60b3c129490fa985dfe6cac11d88fc3c36eeb4fb1449efbbb04fc",
                "sha256:4d2f1e492cae964b3463a03dc77a7fe8742f7855d7258c7643f0ee32b6651dd3",
                "sha256:535929b6eff670c593c34ff435d5440c3096f20fa72d63444608a5aef64dd581",
                "sha256:5363427bc6a8c3b1719f8f3845ea53553d301382928a86e8fab7984426949bce",
                "sha256:54feb7b4f2f6706bb82325e836a01be805770443e2400f706e824e91f6441dde",
                "sha256:57175aa93f804d2c08d2edb7213e09276bd49097611aefc37e3fa38d1fb99ad0",
                "sha256:5bcaaf624fd24e6a0cb14beac37677f90793a96864c67c064a91458611446e83",
                "sha256:60c299e555f87e4c01b2eca085dfccda1dde87f5a604bb45c2906b8305819a93",
                "sha256:631599598e2c76ded400c0a8722dec09217c89ff64dc54b060f598ed68e7d2a8",
                "sha256:63937bd0f4d1cb56653dc7ae900d6c52c41f0015e25aaf9902481ee79943b33a",
                "sha256:66daa6ac5de4288a5bbfbe55b4caa7bf0cd26b3269c7a476ffe8ce45f837f87d",
                "sha256:6938cc2de153bc927ed8d71c7d2f2ae01b4e96359126c602721340eb7ce1a92d",
                "sha256:6d772edc6a5f7835635c7562f6688e031f0b97e31d538412a852c49c9a6c92d5",
                "sha256:6db5faf064b5bab9675c32a873436b31e01d66ca6984c6f7f92621656033a708",
                "sha256:73fd300f501a052f2ba52ede721232212f3b06503fa12665408ecfc9d8fd149c",
                "sha256:79feb4d00b2a4e0e05c9c56df707934f41fcb5fe53fd9efb7549068d0495b758",
                "sha256:7aa7d5457b6c542ecaed79cec4ad98534373c9757383973e638ccced0f11f46d",
                "sha256:7b0803e9008c62a7ef79058233db7ff6f37a9933b8f2573c05b07ddafa226611",
                "sha256:7e03bea66af33c95ce3addf87a9bf1fcad8d33e757bc479957ddbc0e4f7207ac",
                "sha256:864c4b7083eeee250ed55135d2127b260d7eb4b5e953a9e5df09c852e327961b",
                "sha256:8766ece9de08527deabcd7cb1b4f1a967a385d26e33e536d6d8913db6ef74f06",
                "sha256:87808a8d1e0bd62a01cafc41f0fd6818b5a5d0ca0d8a55326a81643cdda8f873",
                "sha256:907ad09cfab21e3c86e8f1f87858f7049d1097f77196959c033612f532b4e592",
                "sha256:95b67aa7eff150f075fda09d11f6bfb26edffd300f6ab1666759547581e8f666",
                "sha256:978e8b5f13e52cf23a9e80f3286d7546baa70bc4ef35b51d97a709d0b28e537c",
                "sha256:9b6943885b2d49c48d0cff23b16be830ba46b0152d98f62de49e735c6e655a63",
                "sha256:9c1ba843ae20db09b9d5c80475376168feb2640ce91cd9906414f23cc267a1ff",
                "sha256:a14229ac62adcf1b90a15992f1ab9c69ae8b99ffb23cb64a90878a6e8a2f5b81",
                "sha256:a36515b1328dc5b3ffce79fe204985ca8572525452eacabee2166f44bb387b2c",
                "sha256:ac9c8a458245c7de80bc1b9765b177055efff5803f08e548dd4bb9ab9a8d789b",
                "sha256:ad64a14b1e56e702e19b24aae108f18ad1bf7777f3af5fcd39f87d0c5a814449",
                "sha256:b09c52ed43a461994716082ee7d87618096851319bf695d57ec123f2ab708951",
                "sha256:b45306a1fc5f53c9330fbee134d8b3227fe5da2ab09813b892790400aa49352d",
                "sha256:b5b007bb22ea4b255d3ee39dfd06d12534de2fcc3438567d9f48cdaf67ae1ae3",
                "sha256:b7e7f140c5169798f90b80d6e607ed2ba5059784968a004107c88ad61fb3641d",
                "sha256:b9122094e3f24aa759c38f46bd8863433820654927370250f460ae75488b66ea",
                "sha256:bb7a7807523a31f03061288cc4ffc065d684c39db7644c676b47d89553c0d714",
                "sha256:be927c3c94c74b05128089a955fba86501c3b544d1d300282cc1b4bd370cb418",
                "sha256:bfde8a130bd0f239e45503ab39fab239ace094d63ee1d6b67c25a63d741c0f71",
                "sha256:c6f8947d3dfd7f91066c5b4385812c18be26c9d5a99ca56667547f2c39149d94",
                "sha256:c7e8f88f79308d86d8f39c491773cbb533d6cb7fa6476f35d711076ee04fceb6",
                "sha256:ca916919793a77e4a98d4a1701e345d337ce53be4a16620f063191f7322ac80f",
                "sha256:cf243da9e42d914036fd362ac3fa77d80a41cadcd11ad789b1b5eec4daaf67ca",
                "sha256:d6f254d096d84156a46a84861183c183d30734e52383602443292644d895047c",
                "sha256:dbd79caaf77a3f590cbe32dc2447f718772d6eea59656a7dcb9311161b10fa75",
                "sha256:ddb52499d0b3ed4aa88746aaf6f36a08314677d5c346234c3987ddc506404eac",
                "sha256:e90a8e237753c83b8e484d478d9a996dc5e39fd5bd4c6ce32563bc8123f132be",
                "sha256:e9c0afebbe6ce177ae8edba0c7c4d626f2a0fc12c33bb993d163817c41a7a05c",
                "sha256:f11b300027ce19a34f6d24ebb0a25fd0e24a9d53353225a5c1e6cadbf2916b2e",
                "sha256:f1ade7f31675db00b514b98f9ab9a7698c7282dad4be7492589109471852d398",
                "sha256:f8f4a901a3fa28969d6e4519deceab56c55a09d691ea7b12ca830e2fa3461e34",
                "sha256:fdec6e2368ae4f796fc72fad7fd4bd1753715187e6d870932b0904609e7c878e",
                "sha256:ff3e9c11aa260c31493d4b3197d1e28dd07768594a4f92bec4506849d736248f",
                "sha256:ff71447cb778a4f772ddc4ce360e6ba9c95527ed84a52096bd1bbf9fee2ec7c0"
            ],
            "markers": "python_version >= '3.9'",
            "version": "==0.7.8"
        },
        "mccabe": {
            "hashes": [
                "sha256:348e0240c33b60bbdf4e523192ef919f28cb2c3d7d5c7794f74009290f236325",
                "sha256:6c2d30ab6be0e4a46919781807b4f0d834ebdd6c6e3dca0bda5a15f863427b6e"
            ],
            "markers": "python_version >= '3.6'",
            "version": "==0.7.0"
        },
        "mypy": {
            "hashes": [
                "sha256:016f2246209095e8eda7538944daa1d60e1e8134d98983b9fc1e92c1fc0cb8dd",
                "sha256:022ea7279374af1a5d78dfcab853fe6a536eebfda4b59deab53cd21f6cd9f00b",
                "sha256:06e6170bd5836770e8104c8fdd58e5e725cfeb309f0a6c681a811f557e97eac1",
                "sha256:19d88bb05303fe63f71dd2c6270daca27cb9401c4ca8255fe50d1d920e0eb9ba",
                "sha256:21761006a7f497cb0d4de3d8ef4ca70532256688b0523eee02baf9eec895e27b",
                "sha256:28902ee51f12e0f19e1e16fbe2f8f06b6637f482c459dd393efddd0ec7f82045",
                "sha256:2899753e2f61e571b3971747e302d5f420c3fd09650e1951e99f823bc3089dac",
                "sha256:2abb24cf3f17864770d18d673c85235ba52456b36a06b6afc1e07c1fdcd3d0e6",
                "sha256:34c81968774648ab5ac09c29a375fdede03ba253f8f8287847bd480782f73a6a",
                "sha256:409088884802d511ee52ca067707b90c883426bd95514e8cfda8281dc2effe24",
                "sha256:481daf36a4c443332e2ae9c137dfee878fcea781a2e3f895d54bd3002a900957",
                "sha256:4b84a7a18f41e167f7995200a1d07a4a6810e89d29859df936f1c3923d263042",
                "sha256:4f28f99c824ecebcdaa2e55d82953e38ff60ee5ec938476796636b86afa3956e",
                "sha256:5f05aa3d375b385734388e844bc01733bd33c644ab48e9684faa54e5389775ec",
                "sha256:7bcfc336a03a1aaa26dfce9fff3e287a3ba99872a157561cbfcebe67c13308e3",
                "sha256:804bd67b8054a85447c8954215a906d6eff9cabeabe493fb6334b24f4bfff718",
                "sha256:8bb5c6f6d043655e055be9b542aa5f3bdd30e4f3589163e85f93f3640060509f",
                "sha256:a009ffa5a621762d0c926a078c2d639104becab69e79538a494bcccb62cc0331",
                "sha256:a8174a03289288c1f6c46d55cef02379b478bfbc8e358e02047487cad44c6ca1",
                "sha256:ab43590f9cd5108f41aacf9fca31841142c786827a74ab7cc8a2eacb634e09a1",
                "sha256:b10e7c2cd7870ba4ad9b2d8a6102eb5ffc1f16ca35e3de6bfa390c1113029d13",
                "sha256:b13cfdd6c87fc3efb69ea4ec18ef79c74c3f98b4e5498ca9b85ab3b2c2329a67",
                "sha256:b64d987153888790bcdb03a6473d321820597ab8dd9243b27a92153c4fa50fd2",
                "sha256:b7951a701c07ea584c4fe327834b92a30825514c868b1f69c30445093fdd9d5a",
                "sha256:bdb12f69bcc02700c2b47e070238f42cb87f18c0bc1fc4cdb4fb2bc5fd7a3b8b",
                "sha256:c35d298c2c4bba75feb2195655dfea8124d855dfd7343bf8b8c055421eaf0cf8",
                "sha256:c608937067d2fc5a4dd1a5ce92fd9e1398691b8c5d012d66e1ddd430e9244376",
                "sha256:c9a6538e0415310aad77cb94004ca6482330fece18036b5f360b62c45814c4ef",
                "sha256:d8dfc6ab58ca7dda47d9237349157500468e404b17213d44fc1cb77bce532288",
                "sha256:da4869fc5e7f62a88f3fe0b5c919d1d9f7ea3cef92d3689de2823fd27e40aa75",
                "sha256:de759aafbae8763283b2ee5869c7255391fbc4de3ff171f8f030b5ec48381b74",
                "sha256:e3157c7594ff2ef1634ee058aafc56a82db665c9438fd41b390f3bde1ab12250",
                "sha256:e3f276d8493c3c97930e354b2595a44a21348b320d859fb4a2b9f66da9ed27ab",
                "sha256:ee4c11e460685c3e0c64a4c5de82ae143622410950d6be863303a1c4ba0e36d6",
                "sha256:f1235f5ea01b7db5468d53ece6aaddf1ad0b88d9e7462b86ef96fe04995d7247",
                "sha256:f7cee03c9a2e2ee26ec07479f38ea9c884e301d42c6d43a19d20fb014e3ba925",
                "sha256:f859fb09d9583a985be9a493d5cfc5515b56b08f7447759a0c5deaf68d80506e",
                "sha256:ffcebe56eb09ff0c0885e750036a095e23793ba6c2e894e7e63f6d89ad51f22e"
            ],
            "index": "pypi",
            "markers": "python_version >= '3.9'",
            "version": "==1.19.1"
        },
        "mypy-extensions": {
            "hashes": [
                "sha256:1be4cccdb0f2482337c4743e60421de3a356cd97508abadd57d47403e94f5505",
                "sha256:52e68efc3284861e772bbcd66823fde5ae21fd2fdb51c62a211403730b916558"
            ],
            "markers": "python_version >= '3.8'",
            "version": "==1.1.0"
        },
        "nodeenv": {
            "hashes": [
                "sha256:5bb13e3eed2923615535339b3c620e76779af4cb4c6a90deccc9e36b274d3827",
                "sha256:996c191ad80897d076bdfba80a41994c2b47c68e224c542b48feba42ba00f8bb"
            ],
            "markers": "python_version >= '2.7' and python_version not in '3.0, 3.1, 3.2, 3.3, 3.4, 3.5, 3.6'",
            "version": "==1.10.0"
        },
        "packaging": {
            "hashes": [
                "sha256:00243ae351a257117b6a241061796684b084ed1c516a08c48a3f7e147a9d80b4",
                "sha256:b36f1fef9334a5588b4166f8bcd26a14e521f2b55e6b9de3aaa80d3ff7a37529"
            ],
            "markers": "python_version >= '3.8'",
            "version": "==26.0"
        },
        "pathspec": {
            "hashes": [
                "sha256:0210e2ae8a21a9137c0d470578cb0e595af87edaa6ebf12ff176f14a02e0e645",
                "sha256:fb6ae2fd4e7c921a165808a552060e722767cfa526f99ca5156ed2ce45a5c723"
            ],
            "markers": "python_version >= '3.9'",
            "version": "==1.0.4"
        },
        "platformdirs": {
            "hashes": [
                "sha256:61d5cdcc6065745cdd94f0f878977f8de9437be93de97c1c12f853c9c0cdcbda",
                "sha256:d03afa3963c806a9bed9d5125c8f4cb2fdaf74a55ab60e5d59b3fde758104d31"
            ],
            "markers": "python_version >= '3.10'",
            "version": "==4.5.1"
        },
        "pluggy": {
            "hashes": [
                "sha256:7dcc130b76258d33b90f61b658791dede3486c3e6bfb003ee5c9bfb396dd22f3",
                "sha256:e920276dd6813095e9377c0bc5566d94c932c33b27a3e3945d8389c374dd4746"
            ],
            "markers": "python_version >= '3.9'",
            "version": "==1.6.0"
        },
        "pycodestyle": {
            "hashes": [
                "sha256:c4b5b517d278089ff9d0abdec919cd97262a3367449ea1c8b49b91529167b783",
                "sha256:dd6bf7cb4ee77f8e016f9c8e74a35ddd9f67e1d5fd4184d86c3b98e07099f42d"
            ],
            "index": "pypi",
            "markers": "python_version >= '3.9'",
            "version": "==2.14.0"
        },
        "pydocstyle": {
            "hashes": [
                "sha256:118762d452a49d6b05e194ef344a55822987a462831ade91ec5c06fd2169d019",
                "sha256:7ce43f0c0ac87b07494eb9c0b462c0b73e6ff276807f204d6b53edc72b7e44e1"
            ],
            "index": "pypi",
            "markers": "python_version >= '3.6'",
            "version": "==6.3.0"
        },
        "pyflakes": {
            "hashes": [
                "sha256:b24f96fafb7d2ab0ec5075b7350b3d2d2218eab42003821c06344973d3ea2f58",
                "sha256:f742a7dbd0d9cb9ea41e9a24a918996e8170c799fa528688d40dd582c8265f4f"
            ],
            "markers": "python_version >= '3.9'",
            "version": "==3.4.0"
        },
        "pygments": {
            "hashes": [
                "sha256:636cb2477cec7f8952536970bc533bc43743542f70392ae026374600add5b887",
                "sha256:86540386c03d588bb81d44bc3928634ff26449851e99741617ecb9037ee5ec0b"
            ],
            "markers": "python_version >= '3.8'",
            "version": "==2.19.2"
        },
        "pylama": {
            "hashes": [
                "sha256:2d4f7aecfb5b7466216d48610c7d6bad1c3990c29cdd392ad08259b161e486f6",
                "sha256:5bbdbf5b620aba7206d688ed9fc917ecd3d73e15ec1a89647037a09fa3a86e60"
            ],
            "index": "pypi",
            "markers": "python_version >= '3.7'",
            "version": "==8.4.1"
        },
        "pylint": {
            "hashes": [
                "sha256:63e06a37d5922555ee2c20963eb42559918c20bd2b21244e4ef426e7c43b92e0",
                "sha256:d9b71674e19b1c36d79265b5887bf8e55278cbe236c9e95d22dc82cf044fdbd2"
            ],
            "index": "pypi",
            "markers": "python_full_version >= '3.10.0'",
            "version": "==4.0.4"
        },
        "pyright": {
            "hashes": [
                "sha256:090b32865f4fdb1e0e6cd82bf5618480d48eecd2eb2e70f960982a3d9a4c17c1",
                "sha256:f28f2321f96852fa50b5829ea492f6adb0e6954568d1caa3f3af3a5f555eb684"
            ],
            "index": "pypi",
            "markers": "python_version >= '3.7'",
            "version": "==1.1.408"
        },
        "pytest": {
            "hashes": [
                "sha256:711ffd45bf766d5264d487b917733b453d917afd2b0ad65223959f59089f875b",
                "sha256:75186651a92bd89611d1d9fc20f0b4345fd827c41ccd5c299a868a05d70edf11"
            ],
            "index": "pypi",
            "markers": "python_version >= '3.10'",
            "version": "==9.0.2"
        },
        "pytest-cov": {
            "hashes": [
                "sha256:33c97eda2e049a0c5298e91f519302a1334c26ac65c1a483d6206fd458361af1",
                "sha256:3b8e9558b16cc1479da72058bdecf8073661c7f57f7d3c5f22a1c23507f2d861"
            ],
            "index": "pypi",
            "markers": "python_version >= '3.9'",
            "version": "==7.0.0"
        },
        "pytokens": {
            "hashes": [
                "sha256:0fc71786e629cef478cbf29d7ea1923299181d0699dbe7c3c0f4a583811d9fc1",
                "sha256:11edda0942da80ff58c4408407616a310adecae1ddd22eef8c692fe266fa5009",
                "sha256:140709331e846b728475786df8aeb27d24f48cbcf7bcd449f8de75cae7a45083",
                "sha256:24afde1f53d95348b5a0eb19488661147285ca4dd7ed752bbc3e1c6242a304d1",
                "sha256:26cef14744a8385f35d0e095dc8b3a7583f6c953c2e3d269c7f82484bf5ad2de",
                "sha256:27b83ad28825978742beef057bfe406ad6ed524b2d28c252c5de7b4a6dd48fa2",
                "sha256:292052fe80923aae2260c073f822ceba21f3872ced9a68bb7953b348e561179a",
                "sha256:29d1d8fb1030af4d231789959f21821ab6325e463f0503a61d204343c9b355d1",
                "sha256:2a44ed93ea23415c54f3face3b65ef2b844d96aeb3455b8a69b3df6beab6acc5",
                "sha256:30f51edd9bb7f85c748979384165601d028b84f7bd13fe14d3e065304093916a",
                "sha256:34bcc734bd2f2d5fe3b34e7b3c0116bfb2397f2d9666139988e7a3eb5f7400e3",
                "sha256:3ad72b851e781478366288743198101e5eb34a414f1d5627cdd585ca3b25f1db",
                "sha256:3f901fe783e06e48e8cbdc82d631fca8f118333798193e026a50ce1b3757ea68",
                "sha256:42f144f3aafa5d92bad964d471a581651e28b24434d184871bd02e3a0d956037",
                "sha256:4a14d5f5fc78ce85e426aa159489e2d5961acf0e47575e08f35584009178e321",
                "sha256:4a58d057208cb9075c144950d789511220b07636dd2e4708d5645d24de666bdc",
                "sha256:4e691d7f5186bd2842c14813f79f8884bb03f5995f0575272009982c5ac6c0f7",
                "sha256:5502408cab1cb18e128570f8d598981c68a50d0cbd7c61312a90507cd3a1276f",
                "sha256:584c80c24b078eec1e227079d56dc22ff755e0ba8654d8383b2c549107528918",
                "sha256:5ad948d085ed6c16413eb5fec6b3e02fa00dc29a2534f088d3302c47eb59adf9",
                "sha256:670d286910b531c7b7e3c0b453fd8156f250adb140146d234a82219459b9640c",
                "sha256:682fa37ff4d8e95f7df6fe6fe6a431e8ed8e788023c6bcc0f0880a12eab80ad1",
                "sha256:6d6c4268598f762bc8e91f5dbf2ab2f61f7b95bdc07953b602db879b3c8c18e1",
                "sha256:79fc6b8699564e1f9b521582c35435f1bd32dd06822322ec44afdeba666d8cb3",
                "sha256:8bdb9d0ce90cbf99c525e75a2fa415144fd570a1ba987380190e8b786bc6ef9b",
                "sha256:8fcb9ba3709ff77e77f1c7022ff11d13553f3c30299a9fe246a166903e9091eb",
                "sha256:941d4343bf27b605e9213b26bfa1c4bf197c9c599a9627eb7305b0defcfe40c1",
                "sha256:967cf6e3fd4adf7de8fc73cd3043754ae79c36475c1c11d514fc72cf5490094a",
                "sha256:970b08dd6b86058b6dc07efe9e98414f5102974716232d10f32ff39701e841c4",
                "sha256:97f50fd18543be72da51dd505e2ed20d2228c74e0464e4262e4899797803d7fa",
                "sha256:9bd7d7f544d362576be74f9d5901a22f317efc20046efe2034dced238cbbfe78",
                "sha256:add8bf86b71a5d9fb5b89f023a80b791e04fba57960aa790cc6125f7f1d39dfe",
                "sha256:b35d7e5ad269804f6697727702da3c517bb8a5228afa450ab0fa787732055fc9",
                "sha256:b49750419d300e2b5a3813cf229d4e5a4c728dae470bcc89867a9ad6f25a722d",
                "sha256:d31b97b3de0f61571a124a00ffe9a81fb9939146c122c11060725bd5aea79975",
                "sha256:d70e77c55ae8380c91c0c18dea05951482e263982911fc7410b1ffd1dadd3440",
                "sha256:d9907d61f15bf7261d7e775bd5d7ee4d2930e04424bab1972591918497623a16",
                "sha256:da5baeaf7116dced9c6bb76dc31ba04a2dc3695f3d9f74741d7910122b456edc",
                "sha256:dc74c035f9bfca0255c1af77ddd2d6ae8419012805453e4b0e7513e17904545d",
                "sha256:dcafc12c30dbaf1e2af0490978352e0c4041a7cde31f4f81435c2a5e8b9cabb6",
                "sha256:ee44d0f85b803321710f9239f335aafe16553b39106384cef8e6de40cb4ef2f6",
                "sha256:f66a6bbe741bd431f6d741e617e0f39ec7257ca1f89089593479347cc4d13324"
            ],
            "markers": "python_version >= '3.8'",
            "version": "==0.4.1"
        },
        "ruff": {
            "hashes": [
                "sha256:238a717ef803e501b6d51e0bdd0d2c6e8513fe9eec14002445134d3907cd46c3",
                "sha256:5298d518e493061f2eabd4abd067c7e4fb89e2f63291c94332e35631c07c3662",
                "sha256:650bd9c56ae03102c51a5e4b554d74d825ff3abe4db22b90fd32d816c2e90621",
                "sha256:6bdea47cdbea30d40f8f8d7d69c0854ba7c15420ec75a26f463290949d7f7e9a",
                "sha256:6f6e80850a01eb13b3e42ee0ebdf6e4497151b48c35051aab51c101266d187a3",
                "sha256:6f811f97b0f092b35320d1556f3353bf238763420ade5d9e62ebd2b73f2ff179",
                "sha256:761ec0a66680fab6454236635a39abaf14198818c8cdf691e036f4bc0f406b2d",
                "sha256:77e515f6b15f828b94dc17d2b4ace334c9ddb7d9468c54b2f9ed2b9c1593ef16",
                "sha256:940f11c2604d317e797b289f4f9f3fa5555ffe4fb574b55ed006c3d9b6f0eb78",
                "sha256:9a121a96db1d75fa3eb39c4539e607f628920dd72ff1f7c5ee4f1b768ac62d6e",
                "sha256:a6664b7eac559e3048223a2da77769c2f92b43a6dfd4720cef42654299a599c9",
                "sha256:aac4ebaa612a82b23d45964586f24ae9bc23ca101919f5590bdb368d74ad5455",
                "sha256:afb6e603d6375ff0d6b0cee563fa21ab570fd15e65c852cb24922cef25050cf1",
                "sha256:bcbca3d40558789126da91d7ef9a7c87772ee107033db7191edefa34e2c7f1b4",
                "sha256:c480d632cc0ca3f0727acac8b7d053542d9e114a462a145d0b00e7cd658c515a",
                "sha256:d747e3319b2bce179c7c1eaad3d884dc0a199b5f4d5187620530adf9105268ce",
                "sha256:dcd4be7cc75cfbbca24a98d04d0b9b36a270d0833241f776b788d59f4142b14d",
                "sha256:dd5e4d3301dc01de614da3cdffc33d4b1b96fb89e45721f1598e5532ccf78b18"
            ],
            "index": "pypi",
            "markers": "python_version >= '3.7'",
            "version": "==0.15.0"
        },
        "snowballstemmer": {
            "hashes": [
                "sha256:6cd7b3897da8d6c9ffb968a6781fa6532dce9c3618a4b127d920dab764a19064",
                "sha256:6d5eeeec8e9f84d4d56b847692bacf79bc2c8e90c7f80ca4444ff8b6f2e52895"
            ],
            "markers": "python_version not in '3.0, 3.1, 3.2'",
            "version": "==3.0.1"
        },
        "tomlkit": {
            "hashes": [
                "sha256:592064ed85b40fa213469f81ac584f67a4f2992509a7c3ea2d632208623a3680",
                "sha256:cf00efca415dbd57575befb1f6634c4f42d2d87dbba376128adb42c121b87064"
            ],
            "markers": "python_version >= '3.9'",
            "version": "==0.14.0"
        },
        "typing-extensions": {
            "hashes": [
                "sha256:0cea48d173cc12fa28ecabc3b837ea3cf6f38c6d1136f85cbaaf598984861466",
                "sha256:f0fa19c6845758ab08074a0cfa8b7aecb71c999ca73d62883bc25cc018c4e548"
            ],
            "markers": "python_version >= '3.9'",
            "version": "==4.15.0"
        },
        "vulture": {
            "hashes": [
                "sha256:cb8277902a1138deeab796ec5bef7076a6e0248ca3607a3f3dee0b6d9e9b8415",
                "sha256:d9a90dba89607489548a49d557f8bac8112bd25d3cbc8aeef23e860811bd5ed9"
            ],
            "index": "pypi",
            "markers": "python_version >= '3.8'",
            "version": "==2.14"
        }
    }
}
